
Microsoft Visual Studio Solution File, Format Version 12.00
# Visual Studio 2012
Project("{FAE04EC0-301F-11D3-BF4B-00C04F79EFBC}") = "bandview", "bandview.csproj", "{89100079-5E34-4045-BB6F-1644AB279EC3}"
EndProject
Global
	GlobalSection(SolutionConfigurationPlatforms) = preSolution
		Debug|Any CPU = Debug|Any CPU
		Release|Any CPU = Release|Any CPU
	EndGlobalSection
	GlobalSection(ProjectConfigurationPlatforms) = postSolution
		{89100079-5E34-4045-BB6F-1644AB279EC3}.Debug|Any CPU.ActiveCfg = Debug|Any CPU
		{89100079-5E34-4045-BB6F-1644AB279EC3}.Debug|Any CPU.Build.0 = Debug|Any CPU
		{89100079-5E34-4045-BB6F-1644AB279EC3}.Release|Any CPU.ActiveCfg = Release|Any CPU
		{89100079-5E34-4045-BB6F-1644AB279EC3}.Release|Any CPU.Build.0 = Release|Any CPU
	EndGlobalSection
EndGlobal
